
Microsoft Visual Studio Solution File, Format Version 12.00
# Visual Studio Version 17
VisualStudioVersion = 17.11.35327.3
MinimumVisualStudioVersion = 10.0.40219.1
Project("{8BC9CEB8-8B4A-11D0-8D11-00A0C91BC942}") = "tema4 fereastra glisanta", "tema4 fereastra glisanta\tema4 fereastra glisanta.vcxproj", "{9E7EED0C-F913-494A-AE73-6EBF9DFF6973}"
EndProject
Global
	GlobalSection(SolutionConfigurationPlatforms) = preSolution
		Debug|x64 = Debug|x64
		Debug|x86 = Debug|x86
		Release|x64 = Release|x64
		Release|x86 = Release|x86
	EndGlobalSection
	GlobalSection(ProjectConfigurationPlatforms) = postSolution
		{9E7EED0C-F913-494A-AE73-6EBF9DFF6973}.Debug|x64.ActiveCfg = Debug|x64
		{9E7EED0C-F913-494A-AE73-6EBF9DFF6973}.Debug|x64.Build.0 = Debug|x64
		{9E7EED0C-F913-494A-AE73-6EBF9DFF6973}.Debug|x86.ActiveCfg = Debug|Win32
		{9E7EED0C-F913-494A-AE73-6EBF9DFF6973}.Debug|x86.Build.0 = Debug|Win32
		{9E7EED0C-F913-494A-AE73-6EBF9DFF6973}.Release|x64.ActiveCfg = Release|x64
		{9E7EED0C-F913-494A-AE73-6EBF9DFF6973}.Release|x64.Build.0 = Release|x64
		{9E7EED0C-F913-494A-AE73-6EBF9DFF6973}.Release|x86.ActiveCfg = Release|Win32
		{9E7EED0C-F913-494A-AE73-6EBF9DFF6973}.Release|x86.Build.0 = Release|Win32
	EndGlobalSection
	GlobalSection(SolutionProperties) = preSolution
		HideSolutionNode = FALSE
	EndGlobalSection
	GlobalSection(ExtensibilityGlobals) = postSolution
		SolutionGuid = {BFDE493C-B763-4A36-9267-C72180A39CEC}
	EndGlobalSection
EndGlobal
